
Microsoft Visual Studio Solution File, Format Version 12.00
# Visual Studio Version 17
VisualStudioVersion = 17.3.32929.385
MinimumVisualStudioVersion = 10.0.40219.1
Project("{FAE04EC0-301F-11D3-BF4B-00C04F79EFBC}") = "TakeHomeW5_RickyJonathan_0706022210005", "TakeHomeW5_RickyJonathan_0706022210005\TakeHomeW5_RickyJonathan_0706022210005.csproj", "{3E5601F2-0E36-4303-B872-8EBE486C9284}"
EndProject
Global
	GlobalSection(SolutionConfigurationPlatforms) = preSolution
		Debug|Any CPU = Debug|Any CPU
		Release|Any CPU = Release|Any CPU
	EndGlobalSection
	GlobalSection(ProjectConfigurationPlatforms) = postSolution
		{3E5601F2-0E36-4303-B872-8EBE486C9284}.Debug|Any CPU.ActiveCfg = Debug|Any CPU
		{3E5601F2-0E36-4303-B872-8EBE486C9284}.Debug|Any CPU.Build.0 = Debug|Any CPU
		{3E5601F2-0E36-4303-B872-8EBE486C9284}.Release|Any CPU.ActiveCfg = Release|Any CPU
		{3E5601F2-0E36-4303-B872-8EBE486C9284}.Release|Any CPU.Build.0 = Release|Any CPU
	EndGlobalSection
	GlobalSection(SolutionProperties) = preSolution
		HideSolutionNode = FALSE
	EndGlobalSection
	GlobalSection(ExtensibilityGlobals) = postSolution
		SolutionGuid = {AB6AEA6B-D89C-4F7E-B85E-848312FE8646}
	EndGlobalSection
EndGlobal
